
Microsoft Visual Studio Solution File, Format Version 12.00
# Visual Studio Version 16
VisualStudioVersion = 16.0.32002.261
MinimumVisualStudioVersion = 10.0.40219.1
Project("{FAE04EC0-301F-11D3-BF4B-00C04F79EFBC}") = "CAMASSEMBLYMACHINE-TC3X", "CAMASSEMBLYMACHINE-TC3X\CAMASSEMBLYMACHINE-TC3X.csproj", "{9AFBA3D0-F724-4716-9B1B-39A69BF412C9}"
	ProjectSection(ProjectDependencies) = postProject
		{7CD3BB10-794B-4899-A2C6-F7B7E9D024FE} = {7CD3BB10-794B-4899-A2C6-F7B7E9D024FE}
		{03361D8B-4F9C-4D4B-A624-39E6A4E0D50B} = {03361D8B-4F9C-4D4B-A624-39E6A4E0D50B}
	EndProjectSection
EndProject
Project("{FAE04EC0-301F-11D3-BF4B-00C04F79EFBC}") = "TSUtil", "TSUtil\TSUtil.csproj", "{5E24AB57-B1FC-4DA7-A4CA-1D55999386FD}"
EndProject
Project("{FAE04EC0-301F-11D3-BF4B-00C04F79EFBC}") = "TSBasler", "TSBasler\TSBasler.csproj", "{51FC0B83-7604-4C60-9D23-E5ADEE300856}"
EndProject
Project("{FAE04EC0-301F-11D3-BF4B-00C04F79EFBC}") = "TSCognex", "TSCognex\TSCognex.csproj", "{210290F8-4484-4D35-8B9A-4A847DACAD73}"
EndProject
Project("{FAE04EC0-301F-11D3-BF4B-00C04F79EFBC}") = "TSControls", "TSControls\TSControls.csproj", "{A338BF74-C325-4994-9523-9885E924A790}"
EndProject
Project("{FAE04EC0-301F-11D3-BF4B-00C04F79EFBC}") = "TSLight", "TSLight\TSLight.csproj", "{71DADF29-C65A-400F-AFAF-45F980A06CA1}"
EndProject
Project("{FAE04EC0-301F-11D3-BF4B-00C04F79EFBC}") = "TSVision", "TSVision\TSVision.csproj", "{6ED8DF7D-AA8C-4750-8D70-B9960E73CEAD}"
EndProject
Project("{FAE04EC0-301F-11D3-BF4B-00C04F79EFBC}") = "TSDaraeLight", "TSDaraeLight\TSDaraeLight.csproj", "{7CD3BB10-794B-4899-A2C6-F7B7E9D024FE}"
EndProject
Project("{FAE04EC0-301F-11D3-BF4B-00C04F79EFBC}") = "TSHikrobot", "TSHikrobot\TSHikrobot.csproj", "{03361D8B-4F9C-4D4B-A624-39E6A4E0D50B}"
EndProject
Project("{FAE04EC0-301F-11D3-BF4B-00C04F79EFBC}") = "TSQRReader", "TSQRReader\TSQRReader.csproj", "{A6BD1BA9-8685-479B-8888-0826E6935993}"
EndProject
Global
	GlobalSection(SolutionConfigurationPlatforms) = preSolution
		Debug|Any CPU = Debug|Any CPU
		Debug|x64 = Debug|x64
		Debug|x86 = Debug|x86
		Release|Any CPU = Release|Any CPU
		Release|x64 = Release|x64
		Release|x86 = Release|x86
	EndGlobalSection
	GlobalSection(ProjectConfigurationPlatforms) = postSolution
		{9AFBA3D0-F724-4716-9B1B-39A69BF412C9}.Debug|Any CPU.ActiveCfg = Debug|Any CPU
		{9AFBA3D0-F724-4716-9B1B-39A69BF412C9}.Debug|Any CPU.Build.0 = Debug|Any CPU
		{9AFBA3D0-F724-4716-9B1B-39A69BF412C9}.Debug|x64.ActiveCfg = Debug|x64
		{9AFBA3D0-F724-4716-9B1B-39A69BF412C9}.Debug|x64.Build.0 = Debug|x64
		{9AFBA3D0-F724-4716-9B1B-39A69BF412C9}.Debug|x86.ActiveCfg = Debug|x86
		{9AFBA3D0-F724-4716-9B1B-39A69BF412C9}.Debug|x86.Build.0 = Debug|x86
		{9AFBA3D0-F724-4716-9B1B-39A69BF412C9}.Release|Any CPU.ActiveCfg = Release|Any CPU
		{9AFBA3D0-F724-4716-9B1B-39A69BF412C9}.Release|Any CPU.Build.0 = Release|Any CPU
		{9AFBA3D0-F724-4716-9B1B-39A69BF412C9}.Release|x64.ActiveCfg = Release|x64
		{9AFBA3D0-F724-4716-9B1B-39A69BF412C9}.Release|x64.Build.0 = Release|x64
		{9AFBA3D0-F724-4716-9B1B-39A69BF412C9}.Release|x86.ActiveCfg = Release|x86
		{9AFBA3D0-F724-4716-9B1B-39A69BF412C9}.Release|x86.Build.0 = Release|x86
		{5E24AB57-B1FC-4DA7-A4CA-1D55999386FD}.Debug|Any CPU.ActiveCfg = Debug|Any CPU
		{5E24AB57-B1FC-4DA7-A4CA-1D55999386FD}.Debug|Any CPU.Build.0 = Debug|Any CPU
		{5E24AB57-B1FC-4DA7-A4CA-1D55999386FD}.Debug|x64.ActiveCfg = Debug|Any CPU
		{5E24AB57-B1FC-4DA7-A4CA-1D55999386FD}.Debug|x64.Build.0 = Debug|Any CPU
		{5E24AB57-B1FC-4DA7-A4CA-1D55999386FD}.Debug|x86.ActiveCfg = Debug|Any CPU
		{5E24AB57-B1FC-4DA7-A4CA-1D55999386FD}.Debug|x86.Build.0 = Debug|Any CPU
		{5E24AB57-B1FC-4DA7-A4CA-1D55999386FD}.Release|Any CPU.ActiveCfg = Release|Any CPU
		{5E24AB57-B1FC-4DA7-A4CA-1D55999386FD}.Release|Any CPU.Build.0 = Release|Any CPU
		{5E24AB57-B1FC-4DA7-A4CA-1D55999386FD}.Release|x64.ActiveCfg = Release|Any CPU
		{5E24AB57-B1FC-4DA7-A4CA-1D55999386FD}.Release|x64.Build.0 = Release|Any CPU
		{5E24AB57-B1FC-4DA7-A4CA-1D55999386FD}.Release|x86.ActiveCfg = Release|Any CPU
		{5E24AB57-B1FC-4DA7-A4CA-1D55999386FD}.Release|x86.Build.0 = Release|Any CPU
		{51FC0B83-7604-4C60-9D23-E5ADEE300856}.Debug|Any CPU.ActiveCfg = Debug|Any CPU
		{51FC0B83-7604-4C60-9D23-E5ADEE300856}.Debug|Any CPU.Build.0 = Debug|Any CPU
		{51FC0B83-7604-4C60-9D23-E5ADEE300856}.Debug|x64.ActiveCfg = Debug|Any CPU
		{51FC0B83-7604-4C60-9D23-E5ADEE300856}.Debug|x64.Build.0 = Debug|Any CPU
		{51FC0B83-7604-4C60-9D23-E5ADEE300856}.Debug|x86.ActiveCfg = Debug|Any CPU
		{51FC0B83-7604-4C60-9D23-E5ADEE300856}.Debug|x86.Build.0 = Debug|Any CPU
		{51FC0B83-7604-4C60-9D23-E5ADEE300856}.Release|Any CPU.ActiveCfg = Release|Any CPU
		{51FC0B83-7604-4C60-9D23-E5ADEE300856}.Release|Any CPU.Build.0 = Release|Any CPU
		{51FC0B83-7604-4C60-9D23-E5ADEE300856}.Release|x64.ActiveCfg = Release|Any CPU
		{51FC0B83-7604-4C60-9D23-E5ADEE300856}.Release|x64.Build.0 = Release|Any CPU
		{51FC0B83-7604-4C60-9D23-E5ADEE300856}.Release|x86.ActiveCfg = Release|Any CPU
		{51FC0B83-7604-4C60-9D23-E5ADEE300856}.Release|x86.Build.0 = Release|Any CPU
		{210290F8-4484-4D35-8B9A-4A847DACAD73}.Debug|Any CPU.ActiveCfg = Debug|Any CPU
		{210290F8-4484-4D35-8B9A-4A847DACAD73}.Debug|Any CPU.Build.0 = Debug|Any CPU
		{210290F8-4484-4D35-8B9A-4A847DACAD73}.Debug|x64.ActiveCfg = Debug|Any CPU
		{210290F8-4484-4D35-8B9A-4A847DACAD73}.Debug|x64.Build.0 = Debug|Any CPU
		{210290F8-4484-4D35-8B9A-4A847DACAD73}.Debug|x86.ActiveCfg = Debug|Any CPU
		{210290F8-4484-4D35-8B9A-4A847DACAD73}.Debug|x86.Build.0 = Debug|Any CPU
		{210290F8-4484-4D35-8B9A-4A847DACAD73}.Release|Any CPU.ActiveCfg = Release|Any CPU
		{210290F8-4484-4D35-8B9A-4A847DACAD73}.Release|Any CPU.Build.0 = Release|Any CPU
		{210290F8-4484-4D35-8B9A-4A847DACAD73}.Release|x64.ActiveCfg = Release|Any CPU
		{210290F8-4484-4D35-8B9A-4A847DACAD73}.Release|x64.Build.0 = Release|Any CPU
		{210290F8-4484-4D35-8B9A-4A847DACAD73}.Release|x86.ActiveCfg = Release|Any CPU
		{210290F8-4484-4D35-8B9A-4A847DACAD73}.Release|x86.Build.0 = Release|Any CPU
		{A338BF74-C325-4994-9523-9885E924A790}.Debug|Any CPU.ActiveCfg = Debug|Any CPU
		{A338BF74-C325-4994-9523-9885E924A790}.Debug|Any CPU.Build.0 = Debug|Any CPU
		{A338BF74-C325-4994-9523-9885E924A790}.Debug|x64.ActiveCfg = Debug|Any CPU
		{A338BF74-C325-4994-9523-9885E924A790}.Debug|x64.Build.0 = Debug|Any CPU
		{A338BF74-C325-4994-9523-9885E924A790}.Debug|x86.ActiveCfg = Debug|Any CPU
		{A338BF74-C325-4994-9523-9885E924A790}.Debug|x86.Build.0 = Debug|Any CPU
		{A338BF74-C325-4994-9523-9885E924A790}.Release|Any CPU.ActiveCfg = Release|Any CPU
		{A338BF74-C325-4994-9523-9885E924A790}.Release|Any CPU.Build.0 = Release|Any CPU
		{A338BF74-C325-4994-9523-9885E924A790}.Release|x64.ActiveCfg = Release|Any CPU
		{A338BF74-C325-4994-9523-9885E924A790}.Release|x64.Build.0 = Release|Any CPU
		{A338BF74-C325-4994-9523-9885E924A790}.Release|x86.ActiveCfg = Release|Any CPU
		{A338BF74-C325-4994-9523-9885E924A790}.Release|x86.Build.0 = Release|Any CPU
		{71DADF29-C65A-400F-AFAF-45F980A06CA1}.Debug|Any CPU.ActiveCfg = Debug|Any CPU
		{71DADF29-C65A-400F-AFAF-45F980A06CA1}.Debug|Any CPU.Build.0 = Debug|Any CPU
		{71DADF29-C65A-400F-AFAF-45F980A06CA1}.Debug|x64.ActiveCfg = Debug|Any CPU
		{71DADF29-C65A-400F-AFAF-45F980A06CA1}.Debug|x64.Build.0 = Debug|Any CPU
		{71DADF29-C65A-400F-AFAF-45F980A06CA1}.Debug|x86.ActiveCfg = Debug|Any CPU
		{71DADF29-C65A-400F-AFAF-45F980A06CA1}.Debug|x86.Build.0 = Debug|Any CPU
		{71DADF29-C65A-400F-AFAF-45F980A06CA1}.Release|Any CPU.ActiveCfg = Release|Any CPU
		{71DADF29-C65A-400F-AFAF-45F980A06CA1}.Release|Any CPU.Build.0 = Release|Any CPU
		{71DADF29-C65A-400F-AFAF-45F980A06CA1}.Release|x64.ActiveCfg = Release|Any CPU
		{71DADF29-C65A-400F-AFAF-45F980A06CA1}.Release|x64.Build.0 = Release|Any CPU
		{71DADF29-C65A-400F-AFAF-45F980A06CA1}.Release|x86.ActiveCfg = Release|Any CPU
		{71DADF29-C65A-400F-AFAF-45F980A06CA1}.Release|x86.Build.0 = Release|Any CPU
		{6ED8DF7D-AA8C-4750-8D70-B9960E73CEAD}.Debug|Any CPU.ActiveCfg = Debug|Any CPU
		{6ED8DF7D-AA8C-4750-8D70-B9960E73CEAD}.Debug|Any CPU.Build.0 = Debug|Any CPU
		{6ED8DF7D-AA8C-4750-8D70-B9960E73CEAD}.Debug|x64.ActiveCfg = Debug|Any CPU
		{6ED8DF7D-AA8C-4750-8D70-B9960E73CEAD}.Debug|x64.Build.0 = Debug|Any CPU
		{6ED8DF7D-AA8C-4750-8D70-B9960E73CEAD}.Debug|x86.ActiveCfg = Debug|Any CPU
		{6ED8DF7D-AA8C-4750-8D70-B9960E73CEAD}.Debug|x86.Build.0 = Debug|Any CPU
		{6ED8DF7D-AA8C-4750-8D70-B9960E73CEAD}.Release|Any CPU.ActiveCfg = Release|Any CPU
		{6ED8DF7D-AA8C-4750-8D70-B9960E73CEAD}.Release|Any CPU.Build.0 = Release|Any CPU
		{6ED8DF7D-AA8C-4750-8D70-B9960E73CEAD}.Release|x64.ActiveCfg = Release|Any CPU
		{6ED8DF7D-AA8C-4750-8D70-B9960E73CEAD}.Release|x64.Build.0 = Release|Any CPU
		{6ED8DF7D-AA8C-4750-8D70-B9960E73CEAD}.Release|x86.ActiveCfg = Release|Any CPU
		{6ED8DF7D-AA8C-4750-8D70-B9960E73CEAD}.Release|x86.Build.0 = Release|Any CPU
		{7CD3BB10-794B-4899-A2C6-F7B7E9D024FE}.Debug|Any CPU.ActiveCfg = Debug|Any CPU
		{7CD3BB10-794B-4899-A2C6-F7B7E9D024FE}.Debug|Any CPU.Build.0 = Debug|Any CPU
		{7CD3BB10-794B-4899-A2C6-F7B7E9D024FE}.Debug|x64.ActiveCfg = Debug|Any CPU
		{7CD3BB10-794B-4899-A2C6-F7B7E9D024FE}.Debug|x64.Build.0 = Debug|Any CPU
		{7CD3BB10-794B-4899-A2C6-F7B7E9D024FE}.Debug|x86.ActiveCfg = Debug|Any CPU
		{7CD3BB10-794B-4899-A2C6-F7B7E9D024FE}.Debug|x86.Build.0 = Debug|Any CPU
		{7CD3BB10-794B-4899-A2C6-F7B7E9D024FE}.Release|Any CPU.ActiveCfg = Release|Any CPU
		{7CD3BB10-794B-4899-A2C6-F7B7E9D024FE}.Release|Any CPU.Build.0 = Release|Any CPU
		{7CD3BB10-794B-4899-A2C6-F7B7E9D024FE}.Release|x64.ActiveCfg = Release|Any CPU
		{7CD3BB10-794B-4899-A2C6-F7B7E9D024FE}.Release|x64.Build.0 = Release|Any CPU
		{7CD3BB10-794B-4899-A2C6-F7B7E9D024FE}.Release|x86.ActiveCfg = Release|Any CPU
		{7CD3BB10-794B-4899-A2C6-F7B7E9D024FE}.Release|x86.Build.0 = Release|Any CPU
		{03361D8B-4F9C-4D4B-A624-39E6A4E0D50B}.Debug|Any CPU.ActiveCfg = Debug|Any CPU
		{03361D8B-4F9C-4D4B-A624-39E6A4E0D50B}.Debug|Any CPU.Build.0 = Debug|Any CPU
		{03361D8B-4F9C-4D4B-A624-39E6A4E0D50B}.Debug|x64.ActiveCfg = Debug|x64
		{03361D8B-4F9C-4D4B-A624-39E6A4E0D50B}.Debug|x64.Build.0 = Debug|x64
		{03361D8B-4F9C-4D4B-A624-39E6A4E0D50B}.Debug|x86.ActiveCfg = Debug|Any CPU
		{03361D8B-4F9C-4D4B-A624-39E6A4E0D50B}.Debug|x86.Build.0 = Debug|Any CPU
		{03361D8B-4F9C-4D4B-A624-39E6A4E0D50B}.Release|Any CPU.ActiveCfg = Release|Any CPU
		{03361D8B-4F9C-4D4B-A624-39E6A4E0D50B}.Release|Any CPU.Build.0 = Release|Any CPU
		{03361D8B-4F9C-4D4B-A624-39E6A4E0D50B}.Release|x64.ActiveCfg = Release|x64
		{03361D8B-4F9C-4D4B-A624-39E6A4E0D50B}.Release|x64.Build.0 = Release|x64
		{03361D8B-4F9C-4D4B-A624-39E6A4E0D50B}.Release|x86.ActiveCfg = Release|Any CPU
		{03361D8B-4F9C-4D4B-A624-39E6A4E0D50B}.Release|x86.Build.0 = Release|Any CPU
		{A6BD1BA9-8685-479B-8888-0826E6935993}.Debug|Any CPU.ActiveCfg = Debug|Any CPU
		{A6BD1BA9-8685-479B-8888-0826E6935993}.Debug|Any CPU.Build.0 = Debug|Any CPU
		{A6BD1BA9-8685-479B-8888-0826E6935993}.Debug|x64.ActiveCfg = Debug|Any CPU
		{A6BD1BA9-8685-479B-8888-0826E6935993}.Debug|x64.Build.0 = Debug|Any CPU
		{A6BD1BA9-8685-479B-8888-0826E6935993}.Debug|x86.ActiveCfg = Debug|Any CPU
		{A6BD1BA9-8685-479B-8888-0826E6935993}.Debug|x86.Build.0 = Debug|Any CPU
		{A6BD1BA9-8685-479B-8888-0826E6935993}.Release|Any CPU.ActiveCfg = Release|Any CPU
		{A6BD1BA9-8685-479B-8888-0826E6935993}.Release|Any CPU.Build.0 = Release|Any CPU
		{A6BD1BA9-8685-479B-8888-0826E6935993}.Release|x64.ActiveCfg = Release|Any CPU
		{A6BD1BA9-8685-479B-8888-0826E6935993}.Release|x64.Build.0 = Release|Any CPU
		{A6BD1BA9-8685-479B-8888-0826E6935993}.Release|x86.ActiveCfg = Release|Any CPU
		{A6BD1BA9-8685-479B-8888-0826E6935993}.Release|x86.Build.0 = Release|Any CPU
	EndGlobalSection
	GlobalSection(SolutionProperties) = preSolution
		HideSolutionNode = FALSE
	EndGlobalSection
	GlobalSection(ExtensibilityGlobals) = postSolution
		SolutionGuid = {EAD92A50-812D-498E-95A7-B4EA97381AFB}
	EndGlobalSection
EndGlobal
